
Microsoft Visual Studio Solution File, Format Version 12.00
# Visual Studio Version 17
VisualStudioVersion = 17.14.36408.4
MinimumVisualStudioVersion = 10.0.40219.1
Project("{FAE04EC0-301F-11D3-BF4B-00C04F79EFBC}") = "Paperless.REST", "Paperless.REST\Paperless.REST.csproj", "{DCB12ACA-3E53-4F41-BB71-B5CDBE0408B9}"
EndProject
Project("{FAE04EC0-301F-11D3-BF4B-00C04F79EFBC}") = "Paperless.Models", "Paperless.Models\Paperless.Models.csproj", "{0E5A45D1-DF3F-44A4-A4D8-27B2E9C6C998}"
EndProject
Project("{FAE04EC0-301F-11D3-BF4B-00C04F79EFBC}") = "Paperless.DAL", "Paperless.DAL\Paperless.DAL.csproj", "{26D4A5D8-3CF3-4635-8DB9-5C0DB430A639}"
EndProject
Project("{E53339B2-1760-4266-BCC7-CA923CBCF16C}") = "docker-compose", "docker-compose.dcproj", "{81DDED9D-158B-E303-5F62-77A2896D2A5A}"
EndProject
Global
	GlobalSection(SolutionConfigurationPlatforms) = preSolution
		Debug|Any CPU = Debug|Any CPU
		Release|Any CPU = Release|Any CPU
	EndGlobalSection
	GlobalSection(ProjectConfigurationPlatforms) = postSolution
		{DCB12ACA-3E53-4F41-BB71-B5CDBE0408B9}.Debug|Any CPU.ActiveCfg = Debug|Any CPU
		{DCB12ACA-3E53-4F41-BB71-B5CDBE0408B9}.Debug|Any CPU.Build.0 = Debug|Any CPU
		{DCB12ACA-3E53-4F41-BB71-B5CDBE0408B9}.Release|Any CPU.ActiveCfg = Release|Any CPU
		{DCB12ACA-3E53-4F41-BB71-B5CDBE0408B9}.Release|Any CPU.Build.0 = Release|Any CPU
		{0E5A45D1-DF3F-44A4-A4D8-27B2E9C6C998}.Debug|Any CPU.ActiveCfg = Debug|Any CPU
		{0E5A45D1-DF3F-44A4-A4D8-27B2E9C6C998}.Debug|Any CPU.Build.0 = Debug|Any CPU
		{0E5A45D1-DF3F-44A4-A4D8-27B2E9C6C998}.Release|Any CPU.ActiveCfg = Release|Any CPU
		{0E5A45D1-DF3F-44A4-A4D8-27B2E9C6C998}.Release|Any CPU.Build.0 = Release|Any CPU
		{26D4A5D8-3CF3-4635-8DB9-5C0DB430A639}.Debug|Any CPU.ActiveCfg = Debug|Any CPU
		{26D4A5D8-3CF3-4635-8DB9-5C0DB430A639}.Debug|Any CPU.Build.0 = Debug|Any CPU
		{26D4A5D8-3CF3-4635-8DB9-5C0DB430A639}.Release|Any CPU.ActiveCfg = Release|Any CPU
		{26D4A5D8-3CF3-4635-8DB9-5C0DB430A639}.Release|Any CPU.Build.0 = Release|Any CPU
		{81DDED9D-158B-E303-5F62-77A2896D2A5A}.Debug|Any CPU.ActiveCfg = Debug|Any CPU
		{81DDED9D-158B-E303-5F62-77A2896D2A5A}.Debug|Any CPU.Build.0 = Debug|Any CPU
		{81DDED9D-158B-E303-5F62-77A2896D2A5A}.Release|Any CPU.ActiveCfg = Release|Any CPU
		{81DDED9D-158B-E303-5F62-77A2896D2A5A}.Release|Any CPU.Build.0 = Release|Any CPU
	EndGlobalSection
	GlobalSection(SolutionProperties) = preSolution
		HideSolutionNode = FALSE
	EndGlobalSection
	GlobalSection(ExtensibilityGlobals) = postSolution
		SolutionGuid = {B35F24CE-B106-4151-8113-D155FDAEEC58}
	EndGlobalSection
EndGlobal
